// !$*UTF8*$!
{
	archiveVersion = 1;
	classes = {
	};
	objectVersion = 46;
	objects = {

/* Begin PBXBuildFile section */
		260D6B1A1C7AFB4D00D65773 /* AppDelegate.swift in Sources */ = {isa = PBXBuildFile; fileRef = 260D6B191C7AFB4D00D65773 /* AppDelegate.swift */; };
		260D6B1C1C7AFB4D00D65773 /* ViewController.swift in Sources */ = {isa = PBXBuildFile; fileRef = 260D6B1B1C7AFB4D00D65773 /* ViewController.swift */; };
		260D6B1F1C7AFB4D00D65773 /* Main.storyboard in Resources */ = {isa = PBXBuildFile; fileRef = 260D6B1D1C7AFB4D00D65773 /* Main.storyboard */; };
		260D6B221C7AFB4D00D65773 /* LcAlertView.xcdatamodeld in Sources */ = {isa = PBXBuildFile; fileRef = 260D6B201C7AFB4D00D65773 /* LcAlertView.xcdatamodeld */; };
		260D6B241C7AFB4D00D65773 /* Assets.xcassets in Resources */ = {isa = PBXBuildFile; fileRef = 260D6B231C7AFB4D00D65773 /* Assets.xcassets */; };
		260D6B271C7AFB4D00D65773 /* LaunchScreen.storyboard in Resources */ = {isa = PBXBuildFile; fileRef = 260D6B251C7AFB4D00D65773 /* LaunchScreen.storyboard */; };
		260D6B321C7AFB4D00D65773 /* LcAlertViewUITests.swift in Sources */ = {isa = PBXBuildFile; fileRef = 260D6B311C7AFB4D00D65773 /* LcAlertViewUITests.swift */; };
/* End PBXBuildFile section */

/* Begin PBXContainerItemProxy section */
		260D6B2E1C7AFB4D00D65773 /* PBXContainerItemProxy */ = {
			isa = PBXContainerItemProxy;
			containerPortal = 260D6B0E1C7AFB4D00D65773 /* Project object */;
			proxyType = 1;
			remoteGlobalIDString = 260D6B151C7AFB4D00D65773;
			remoteInfo = LcAlertView;
		};
/* End PBXContainerItemProxy section */

/* Begin PBXFileReference section */
		260D6B161C7AFB4D00D65773 /* LcAlertView.app */ = {isa = PBXFileReference; explicitFileType = wrapper.application; includeInIndex = 0; path = LcAlertView.app; sourceTree = BUILT_PRODUCTS_DIR; };
		260D6B191C7AFB4D00D65773 /* AppDelegate.swift */ = {isa = PBXFileReference; lastKnownFileType = sourcecode.swift; path = AppDelegate.swift; sourceTree = "<group>"; };
		260D6B1B1C7AFB4D00D65773 /* ViewController.swift */ = {isa = PBXFileReference; lastKnownFileType = sourcecode.swift; path = ViewController.swift; sourceTree = "<group>"; };
		260D6B1E1C7AFB4D00D65773 /* Base */ = {isa = PBXFileReference; lastKnownFileType = file.storyboard; name = Base; path = Base.lproj/Main.storyboard; sourceTree = "<group>"; };
		260D6B211C7AFB4D00D65773 /* LcAlertView.xcdatamodel */ = {isa = PBXFileReference; lastKnownFileType = wrapper.xcdatamodel; path = LcAlertView.xcdatamodel; sourceTree = "<group>"; };
		260D6B231C7AFB4D00D65773 /* Assets.xcassets */ = {isa = PBXFileReference; lastKnownFileType = folder.assetcatalog; path = Assets.xcassets; sourceTree = "<group>"; };
		260D6B261C7AFB4D00D65773 /* Base */ = {isa = PBXFileReference; lastKnownFileType = file.storyboard; name = Base; path = Base.lproj/LaunchScreen.storyboard; sourceTree = "<group>"; };
		260D6B281C7AFB4D00D65773 /* Info.plist */ = {isa = PBXFileReference; lastKnownFileType = text.plist.xml; path = Info.plist; sourceTree = "<group>"; };
		260D6B2D1C7AFB4D00D65773 /* LcAlertViewUITests.xctest */ = {isa = PBXFileReference; explicitFileType = wrapper.cfbundle; includeInIndex = 0; path = LcAlertViewUITests.xctest; sourceTree = BUILT_PRODUCTS_DIR; };
		260D6B311C7AFB4D00D65773 /* LcAlertViewUITests.swift */ = {isa = PBXFileReference; lastKnownFileType = sourcecode.swift; path = LcAlertViewUITests.swift; sourceTree = "<group>"; };
		260D6B331C7AFB4D00D65773 /* Info.plist */ = {isa = PBXFileReference; lastKnownFileType = text.plist.xml; path = Info.plist; sourceTree = "<group>"; };
/* End PBXFileReference section */

/* Begin PBXFrameworksBuildPhase section */
		260D6B131C7AFB4D00D65773 /* Frameworks */ = {
			isa = PBXFrameworksBuildPhase;
			buildActionMask = 2147483647;
			files = (
			);
			runOnlyForDeploymentPostprocessing = 0;
		};
		260D6B2A1C7AFB4D00D65773 /* Frameworks */ = {
			isa = PBXFrameworksBuildPhase;
			buildActionMask = 2147483647;
			files = (
			);
			runOnlyForDeploymentPostprocessing = 0;
		};
/* End PBXFrameworksBuildPhase section */

/* Begin PBXGroup section */
		260D6B0D1C7AFB4D00D65773 = {
			isa = PBXGroup;
			children = (
				260D6B181C7AFB4D00D65773 /* LcAlertView */,
				260D6B301C7AFB4D00D65773 /* LcAlertViewUITests */,
				260D6B171C7AFB4D00D65773 /* Products */,
			);
			sourceTree = "<group>";
		};
		260D6B171C7AFB4D00D65773 /* Products */ = {
			isa = PBXGroup;
			children = (
				260D6B161C7AFB4D00D65773 /* LcAlertView.app */,
				260D6B2D1C7AFB4D00D65773 /* LcAlertViewUITests.xctest */,
			);
			name = Products;
			sourceTree = "<group>";
		};
		260D6B181C7AFB4D00D65773 /* LcAlertView */ = {
			isa = PBXGroup;
			children = (
				260D6B191C7AFB4D00D65773 /* AppDelegate.swift */,
				260D6B1B1C7AFB4D00D65773 /* ViewController.swift */,
				260D6B1D1C7AFB4D00D65773 /* Main.storyboard */,
				260D6B231C7AFB4D00D65773 /* Assets.xcassets */,
				260D6B251C7AFB4D00D65773 /* LaunchScreen.storyboard */,
				260D6B281C7AFB4D00D65773 /* Info.plist */,
				260D6B201C7AFB4D00D65773 /* LcAlertView.xcdatamodeld */,
			);
			path = LcAlertView;
			sourceTree = "<group>";
		};
		260D6B301C7AFB4D00D65773 /* LcAlertViewUITests */ = {
			isa = PBXGroup;
			children = (
				260D6B311C7AFB4D00D65773 /* LcAlertViewUITests.swift */,
				260D6B331C7AFB4D00D65773 /* Info.plist */,
			);
			path = LcAlertViewUITests;
			sourceTree = "<group>";
		};
/* End PBXGroup section */

/* Begin PBXNativeTarget section */
		260D6B151C7AFB4D00D65773 /* LcAlertView */ = {
			isa = PBXNativeTarget;
			buildConfigurationList = 260D6B361C7AFB4D00D65773 /* Build configuration list for PBXNativeTarget "LcAlertView" */;
			buildPhases = (
				260D6B121C7AFB4D00D65773 /* Sources */,
				260D6B131C7AFB4D00D65773 /* Frameworks */,
				260D6B141C7AFB4D00D65773 /* Resources */,
			);
			buildRules = (
			);
			dependencies = (
			);
			name = LcAlertView;
			productName = LcAlertView;
			productReference = 260D6B161C7AFB4D00D65773 /* LcAlertView.app */;
			productType = "com.apple.product-type.application";
		};
		260D6B2C1C7AFB4D00D65773 /* LcAlertViewUITests */ = {
			isa = PBXNativeTarget;
			buildConfigurationList = 260D6B391C7AFB4D00D65773 /* Build configuration list for PBXNativeTarget "LcAlertViewUITests" */;
			buildPhases = (
				260D6B291C7AFB4D00D65773 /* Sources */,
				260D6B2A1C7AFB4D00D65773 /* Frameworks */,
				260D6B2B1C7AFB4D00D65773 /* Resources */,
			);
			buildRules = (
			);
			dependencies = (
				260D6B2F1C7AFB4D00D65773 /* PBXTargetDependency */,
			);
			name = LcAlertViewUITests;
			productName = LcAlertViewUITests;
			productReference = 260D6B2D1C7AFB4D00D65773 /* LcAlertViewUITests.xctest */;
			productType = "com.apple.product-type.bundle.ui-testing";
		};
/* End PBXNativeTarget section */

/* Begin PBXProject section */
		260D6B0E1C7AFB4D00D65773 /* Project object */ = {
			isa = PBXProject;
			attributes = {
				LastSwiftUpdateCheck = 0720;
				LastUpgradeCheck = 0720;
				ORGANIZATIONNAME = liuchi188;
				TargetAttributes = {
					260D6B151C7AFB4D00D65773 = {
						CreatedOnToolsVersion = 7.2.1;
					};
					260D6B2C1C7AFB4D00D65773 = {
						CreatedOnToolsVersion = 7.2.1;
						TestTargetID = 260D6B151C7AFB4D00D65773;
					};
				};
			};
			buildConfigurationList = 260D6B111C7AFB4D00D65773 /* Build configuration list for PBXProject "LcAlertView" */;
			compatibilityVersion = "Xcode 3.2";
			developmentRegion = English;
			hasScannedForEncodings = 0;
			knownRegions = (
				en,
				Base,
			);
			mainGroup = 260D6B0D1C7AFB4D00D65773;
			productRefGroup = 260D6B171C7AFB4D00D65773 /* Products */;
			projectDirPath = "";
			projectRoot = "";
			targets = (
				260D6B151C7AFB4D00D65773 /* LcAlertView */,
				260D6B2C1C7AFB4D00D65773 /* LcAlertViewUITests */,
			);
		};
/* End PBXProject section */

/* Begin PBXResourcesBuildPhase section */
		260D6B141C7AFB4D00D65773 /* Resources */ = {
			isa = PBXResourcesBuildPhase;
			buildActionMask = 2147483647;
			files = (
				260D6B271C7AFB4D00D65773 /* LaunchScreen.storyboard in Resources */,
				260D6B241C7AFB4D00D65773 /* Assets.xcassets in Resources */,
				260D6B1F1C7AFB4D00D65773 /* Main.storyboard in Resources */,
			);
			runOnlyForDeploymentPostprocessing = 0;
		};
		260D6B2B1C7AFB4D00D65773 /* Resources */ = {
			isa = PBXResourcesBuildPhase;
			buildActionMask = 2147483647;
			files = (
			);
			runOnlyForDeploymentPostprocessing = 0;
		};
/* End PBXResourcesBuildPhase section */

/* Begin PBXSourcesBuildPhase section */
		260D6B121C7AFB4D00D65773 /* Sources */ = {
			isa = PBXSourcesBuildPhase;
			buildActionMask = 2147483647;
			files = (
				260D6B1C1C7AFB4D00D65773 /* ViewController.swift in Sources */,
				260D6B221C7AFB4D00D65773 /* LcAlertView.xcdatamodeld in Sources */,
				260D6B1A1C7AFB4D00D65773 /* AppDelegate.swift in Sources */,
			);
			runOnlyForDeploymentPostprocessing = 0;
		};
		260D6B291C7AFB4D00D65773 /* Sources */ = {
			isa = PBXSourcesBuildPhase;
			buildActionMask = 2147483647;
			files = (
				260D6B321C7AFB4D00D65773 /* LcAlertViewUITests.swift in Sources */,
			);
			runOnlyForDeploymentPostprocessing = 0;
		};
/* End PBXSourcesBuildPhase section */

/* Begin PBXTargetDependency section */
		260D6B2F1C7AFB4D00D65773 /* PBXTargetDependency */ = {
			isa = PBXTargetDependency;
			target = 260D6B151C7AFB4D00D65773 /* LcAlertView */;
			targetProxy = 260D6B2E1C7AFB4D00D65773 /* PBXContainerItemProxy */;
		};
/* End PBXTargetDependency section */

/* Begin PBXVariantGroup section */
		260D6B1D1C7AFB4D00D65773 /* Main.storyboard */ = {
			isa = PBXVariantGroup;
			children = (
				260D6B1E1C7AFB4D00D65773 /* Base */,
			);
			name = Main.storyboard;
			sourceTree = "<group>";
		};
		260D6B251C7AFB4D00D65773 /* LaunchScreen.storyboard */ = {
			isa = PBXVariantGroup;
			children = (
				260D6B261C7AFB4D00D65773 /* Base */,
			);
			name = LaunchScreen.storyboard;
			sourceTree = "<group>";
		};
/* End PBXVariantGroup section */

/* Begin XCBuildConfiguration section */
		260D6B341C7AFB4D00D65773 /* Debug */ = {
			isa = XCBuildConfiguration;
			buildSettings = {
				ALWAYS_SEARCH_USER_PATHS = NO;
				CLANG_CXX_LANGUAGE_STANDARD = "gnu++0x";
				CLANG_CXX_LIBRARY = "libc++";
				CLANG_ENABLE_MODULES = YES;
				CLANG_ENABLE_OBJC_ARC = YES;
				CLANG_WARN_BOOL_CONVERSION = YES;
				CLANG_WARN_CONSTANT_CONVERSION = YES;
				CLANG_WARN_DIRECT_OBJC_ISA_USAGE = YES_ERROR;
				CLANG_WARN_EMPTY_BODY = YES;
				CLANG_WARN_ENUM_CONVERSION = YES;
				CLANG_WARN_INT_CONVERSION = YES;
				CLANG_WARN_OBJC_ROOT_CLASS = YES_ERROR;
				CLANG_WARN_UNREACHABLE_CODE = YES;
				CLANG_WARN__DUPLICATE_METHOD_MATCH = YES;
				"CODE_SIGN_IDENTITY[sdk=iphoneos*]" = "iPhone Developer";
				COPY_PHASE_STRIP = NO;
				DEBUG_INFORMATION_FORMAT = dwarf;
				ENABLE_STRICT_OBJC_MSGSEND = YES;
				ENABLE_TESTABILITY = YES;
				GCC_C_LANGUAGE_STANDARD = gnu99;
				GCC_DYNAMIC_NO_PIC = NO;
				GCC_NO_COMMON_BLOCKS = YES;
				GCC_OPTIMIZATION_LEVEL = 0;
				GCC_PREPROCESSOR_DEFINITIONS = (
					"DEBUG=1",
					"$(inherited)",
				);
				GCC_WARN_64_TO_32_BIT_CONVERSION = YES;
				GCC_WARN_ABOUT_RETURN_TYPE = YES_ERROR;
				GCC_WARN_UNDECLARED_SELECTOR = YES;
				GCC_WARN_UNINITIALIZED_AUTOS = YES_AGGRESSIVE;
				GCC_WARN_UNUSED_FUNCTION = YES;
				GCC_WARN_UNUSED_VARIABLE = YES;
				IPHONEOS_DEPLOYMENT_TARGET = 9.2;
				MTL_ENABLE_DEBUG_INFO = YES;
				ONLY_ACTIVE_ARCH = YES;
				SDKROOT = iphoneos;
				SWIFT_OPTIMIZATION_LEVEL = "-Onone";
			};
			name = Debug;
		};
		260D6B351C7AFB4D00D65773 /* Release */ = {
			isa = XCBuildConfiguration;
			buildSettings = {
				ALWAYS_SEARCH_USER_PATHS = NO;
				CLANG_CXX_LANGUAGE_STANDARD = "gnu++0x";
				CLANG_CXX_LIBRARY = "libc++";
				CLANG_ENABLE_MODULES = YES;
				CLANG_ENABLE_OBJC_ARC = YES;
				CLANG_WARN_BOOL_CONVERSION = YES;
				CLANG_WARN_CONSTANT_CONVERSION = YES;
				CLANG_WARN_DIRECT_OBJC_ISA_USAGE = YES_ERROR;
				CLANG_WARN_EMPTY_BODY = YES;
				CLANG_WARN_ENUM_CONVERSION = YES;
				CLANG_WARN_INT_CONVERSION = YES;
				CLANG_WARN_OBJC_ROOT_CLASS = YES_ERROR;
				CLANG_WARN_UNREACHABLE_CODE = YES;
				CLANG_WARN__DUPLICATE_METHOD_MATCH = YES;
				"CODE_SIGN_IDENTITY[sdk=iphoneos*]" = "iPhone Developer";
				COPY_PHASE_STRIP = NO;
				DEBUG_INFORMATION_FORMAT = "dwarf-with-dsym";
				ENABLE_NS_ASSERTIONS = NO;
				ENABLE_STRICT_OBJC_MSGSEND = YES;
				GCC_C_LANGUAGE_STANDARD = gnu99;
				GCC_NO_COMMON_BLOCKS = YES;
				GCC_WARN_64_TO_32_BIT_CONVERSION = YES;
				GCC_WARN_ABOUT_RETURN_TYPE = YES_ERROR;
				GCC_WARN_UNDECLARED_SELECTOR = YES;
				GCC_WARN_UNINITIALIZED_AUTOS = YES_AGGRESSIVE;
				GCC_WARN_UNUSED_FUNCTION = YES;
				GCC_WARN_UNUSED_VARIABLE = YES;
				IPHONEOS_DEPLOYMENT_TARGET = 9.2;
				MTL_ENABLE_DEBUG_INFO = NO;
				SDKROOT = iphoneos;
				VALIDATE_PRODUCT = YES;
			};
			name = Release;
		};
		260D6B371C7AFB4D00D65773 /* Debug */ = {
			isa = XCBuildConfiguration;
			buildSettings = {
				ASSETCATALOG_COMPILER_APPICON_NAME = AppIcon;
				INFOPLIST_FILE = LcAlertView/Info.plist;
				LD_RUNPATH_SEARCH_PATHS = "$(inherited) @executable_path/Frameworks";
				PRODUCT_BUNDLE_IDENTIFIER = cn.liuchi188.LcAlertView;
				PRODUCT_NAME = "$(TARGET_NAME)";
			};
			name = Debug;
		};
		260D6B381C7AFB4D00D65773 /* Release */ = {
			isa = XCBuildConfiguration;
			buildSettings = {
				ASSETCATALOG_COMPILER_APPICON_NAME = AppIcon;
				INFOPLIST_FILE = LcAlertView/Info.plist;
				LD_RUNPATH_SEARCH_PATHS = "$(inherited) @executable_path/Frameworks";
				PRODUCT_BUNDLE_IDENTIFIER = cn.liuchi188.LcAlertView;
				PRODUCT_NAME = "$(TARGET_NAME)";
			};
			name = Release;
		};
		260D6B3A1C7AFB4D00D65773 /* Debug */ = {
			isa = XCBuildConfiguration;
			buildSettings = {
				INFOPLIST_FILE = LcAlertViewUITests/Info.plist;
				LD_RUNPATH_SEARCH_PATHS = "$(inherited) @executable_path/Frameworks @loader_path/Frameworks";
				PRODUCT_BUNDLE_IDENTIFIER = cn.liuchi188.LcAlertViewUITests;
				PRODUCT_NAME = "$(TARGET_NAME)";
				TEST_TARGET_NAME = LcAlertView;
				USES_XCTRUNNER = YES;
			};
			name = Debug;
		};
		260D6B3B1C7AFB4D00D65773 /* Release */ = {
			isa = XCBuildConfiguration;
			buildSettings = {
				INFOPLIST_FILE = LcAlertViewUITests/Info.plist;
				LD_RUNPATH_SEARCH_PATHS = "$(inherited) @executable_path/Frameworks @loader_path/Frameworks";
				PRODUCT_BUNDLE_IDENTIFIER = cn.liuchi188.LcAlertViewUITests;
				PRODUCT_NAME = "$(TARGET_NAME)";
				TEST_TARGET_NAME = LcAlertView;
				USES_XCTRUNNER = YES;
			};
			name = Release;
		};
/* End XCBuildConfiguration section */

/* Begin XCConfigurationList section */
		260D6B111C7AFB4D00D65773 /* Build configuration list for PBXProject "LcAlertView" */ = {
			isa = XCConfigurationList;
			buildConfigurations = (
				260D6B341C7AFB4D00D65773 /* Debug */,
				260D6B351C7AFB4D00D65773 /* Release */,
			);
			defaultConfigurationIsVisible = 0;
			defaultConfigurationName = Release;
		};
		260D6B361C7AFB4D00D65773 /* Build configuration list for PBXNativeTarget "LcAlertView" */ = {
			isa = XCConfigurationList;
			buildConfigurations = (
				260D6B371C7AFB4D00D65773 /* Debug */,
				260D6B381C7AFB4D00D65773 /* Release */,
			);
			defaultConfigurationIsVisible = 0;
		};
		260D6B391C7AFB4D00D65773 /* Build configuration list for PBXNativeTarget "LcAlertViewUITests" */ = {
			isa = XCConfigurationList;
			buildConfigurations = (
				260D6B3A1C7AFB4D00D65773 /* Debug */,
				260D6B3B1C7AFB4D00D65773 /* Release */,
			);
			defaultConfigurationIsVisible = 0;
		};
/* End XCConfigurationList section */

/* Begin XCVersionGroup section */
		260D6B201C7AFB4D00D65773 /* LcAlertView.xcdatamodeld */ = {
			isa = XCVersionGroup;
			children = (
				260D6B211C7AFB4D00D65773 /* LcAlertView.xcdatamodel */,
			);
			currentVersion = 260D6B211C7AFB4D00D65773 /* LcAlertView.xcdatamodel */;
			path = LcAlertView.xcdatamodeld;
			sourceTree = "<group>";
			versionGroupType = wrapper.xcdatamodel;
		};
/* End XCVersionGroup section */
	};
	rootObject = 260D6B0E1C7AFB4D00D65773 /* Project object */;
}
